
Microsoft Visual Studio Solution File, Format Version 12.00
# Visual Studio 15
VisualStudioVersion = 15.0.28307.572
MinimumVisualStudioVersion = 10.0.40219.1
Project("{9A19103F-16F7-4668-BE54-9A1E7A4F7556}") = "StrawberryJam2021", "StrawberryJam2021.csproj", "{98994314-0F00-4A64-A35C-0790CC3FEE9B}"
EndProject
Global
	GlobalSection(SolutionConfigurationPlatforms) = preSolution
		Debug|Any CPU = Debug|Any CPU
		Release|Any CPU = Release|Any CPU
	EndGlobalSection
	GlobalSection(ProjectConfigurationPlatforms) = postSolution
		{98994314-0F00-4A64-A35C-0790CC3FEE9B}.Debug|Any CPU.ActiveCfg = Debug|Any CPU
		{98994314-0F00-4A64-A35C-0790CC3FEE9B}.Debug|Any CPU.Build.0 = Debug|Any CPU
		{98994314-0F00-4A64-A35C-0790CC3FEE9B}.Release|Any CPU.ActiveCfg = Release|Any CPU
		{98994314-0F00-4A64-A35C-0790CC3FEE9B}.Release|Any CPU.Build.0 = Release|Any CPU
	EndGlobalSection
	GlobalSection(SolutionProperties) = preSolution
		HideSolutionNode = FALSE
	EndGlobalSection
	GlobalSection(ExtensibilityGlobals) = postSolution
		SolutionGuid = {8FD7157F-BD18-4C18-AEFB-1E512EF0EA4F}
	EndGlobalSection
EndGlobal
